
Microsoft Visual Studio Solution File, Format Version 12.00
# Visual Studio Version 17
VisualStudioVersion = 17.4.33213.308
MinimumVisualStudioVersion = 10.0.40219.1
Project("{FAE04EC0-301F-11D3-BF4B-00C04F79EFBC}") = "MovieCatalogue", "MovieCatalogue\MovieCatalogue.csproj", "{11B4EB0E-8A0B-4856-8619-5341E4FCD131}"
EndProject
Global
	GlobalSection(SolutionConfigurationPlatforms) = preSolution
		Debug|Any CPU = Debug|Any CPU
		Release|Any CPU = Release|Any CPU
	EndGlobalSection
	GlobalSection(ProjectConfigurationPlatforms) = postSolution
		{11B4EB0E-8A0B-4856-8619-5341E4FCD131}.Debug|Any CPU.ActiveCfg = Debug|Any CPU
		{11B4EB0E-8A0B-4856-8619-5341E4FCD131}.Debug|Any CPU.Build.0 = Debug|Any CPU
		{11B4EB0E-8A0B-4856-8619-5341E4FCD131}.Release|Any CPU.ActiveCfg = Release|Any CPU
		{11B4EB0E-8A0B-4856-8619-5341E4FCD131}.Release|Any CPU.Build.0 = Release|Any CPU
	EndGlobalSection
	GlobalSection(SolutionProperties) = preSolution
		HideSolutionNode = FALSE
	EndGlobalSection
	GlobalSection(ExtensibilityGlobals) = postSolution
		SolutionGuid = {83B95608-89C9-4F89-B5AE-D979D8A6FA91}
	EndGlobalSection
EndGlobal
